
Microsoft Visual Studio Solution File, Format Version 12.00
# Visual Studio Version 17
VisualStudioVersion = 17.14.36429.23 d17.14
MinimumVisualStudioVersion = 10.0.40219.1
Project("{FAE04EC0-301F-11D3-BF4B-00C04F79EFBC}") = "Carsweb", "Carsweb.csproj", "{4D7CD6E7-AA7A-2C91-FEE8-CF14B386FA76}"
EndProject
Global
	GlobalSection(SolutionConfigurationPlatforms) = preSolution
		Debug|Any CPU = Debug|Any CPU
		Release|Any CPU = Release|Any CPU
	EndGlobalSection
	GlobalSection(ProjectConfigurationPlatforms) = postSolution
		{4D7CD6E7-AA7A-2C91-FEE8-CF14B386FA76}.Debug|Any CPU.ActiveCfg = Debug|Any CPU
		{4D7CD6E7-AA7A-2C91-FEE8-CF14B386FA76}.Debug|Any CPU.Build.0 = Debug|Any CPU
		{4D7CD6E7-AA7A-2C91-FEE8-CF14B386FA76}.Release|Any CPU.ActiveCfg = Release|Any CPU
		{4D7CD6E7-AA7A-2C91-FEE8-CF14B386FA76}.Release|Any CPU.Build.0 = Release|Any CPU
	EndGlobalSection
	GlobalSection(SolutionProperties) = preSolution
		HideSolutionNode = FALSE
	EndGlobalSection
	GlobalSection(ExtensibilityGlobals) = postSolution
		SolutionGuid = {BA96AFAB-0C44-47DF-8A0F-BF244DD202E3}
	EndGlobalSection
EndGlobal
